
Microsoft Visual Studio Solution File, Format Version 12.00
# Visual Studio Version 17
VisualStudioVersion = 17.7.34024.191
MinimumVisualStudioVersion = 10.0.40219.1
Project("{2150E333-8FDC-42A3-9474-1A3956D46DE8}") = "Solution Items", "Solution Items", "{00D743D5-AB57-4BD8-9D81-69284B401E9D}"
	ProjectSection(SolutionItems) = preProject
		.gitignore = .gitignore
	EndProjectSection
EndProject
Project("{9A19103F-16F7-4668-BE54-9A1E7A4F7556}") = "TransactionManager", "TransactionManager\TransactionManager.csproj", "{754A715F-5B7F-4FD4-A2E2-4D927FFD489F}"
EndProject
Project("{9A19103F-16F7-4668-BE54-9A1E7A4F7556}") = "LeaseManager", "LeaseManager\LeaseManager.csproj", "{6C149C9A-EF13-446A-96FB-90AE5C307207}"
EndProject
Project("{9A19103F-16F7-4668-BE54-9A1E7A4F7556}") = "Parser", "ConfigParser\Parser.csproj", "{D5C69CEE-A55A-43DD-8F2E-6B38599EE03D}"
EndProject
Project("{9A19103F-16F7-4668-BE54-9A1E7A4F7556}") = "Manager", "Manager\Manager.csproj", "{D175579B-C5D8-44E1-A527-E4B8E59732CD}"
EndProject
Project("{9A19103F-16F7-4668-BE54-9A1E7A4F7556}") = "ManagerClientServices", "ManagerClientServices\ManagerClientServices.csproj", "{9C50EC56-7744-4E90-8F2F-016E8FE8A8FA}"
EndProject
Project("{9A19103F-16F7-4668-BE54-9A1E7A4F7556}") = "Common", "Common\Common.csproj", "{6C03AE3F-5E82-4CDC-9166-06B90C2A401E}"
EndProject
Project("{9A19103F-16F7-4668-BE54-9A1E7A4F7556}") = "Client", "Client\Client.csproj", "{1C68A1E2-3EDE-412D-A1FD-437EBB40FFA6}"
EndProject
Project("{FAE04EC0-301F-11D3-BF4B-00C04F79EFBC}") = "DADTKV", "DADTKV\DADTKV.csproj", "{63B3A24B-CA93-453F-89F9-D33B39B53475}"
EndProject
Global
	GlobalSection(SolutionConfigurationPlatforms) = preSolution
		Debug|Any CPU = Debug|Any CPU
		Release|Any CPU = Release|Any CPU
	EndGlobalSection
	GlobalSection(ProjectConfigurationPlatforms) = postSolution
		{754A715F-5B7F-4FD4-A2E2-4D927FFD489F}.Debug|Any CPU.ActiveCfg = Debug|Any CPU
		{754A715F-5B7F-4FD4-A2E2-4D927FFD489F}.Debug|Any CPU.Build.0 = Debug|Any CPU
		{754A715F-5B7F-4FD4-A2E2-4D927FFD489F}.Release|Any CPU.ActiveCfg = Release|Any CPU
		{754A715F-5B7F-4FD4-A2E2-4D927FFD489F}.Release|Any CPU.Build.0 = Release|Any CPU
		{6C149C9A-EF13-446A-96FB-90AE5C307207}.Debug|Any CPU.ActiveCfg = Debug|Any CPU
		{6C149C9A-EF13-446A-96FB-90AE5C307207}.Debug|Any CPU.Build.0 = Debug|Any CPU
		{6C149C9A-EF13-446A-96FB-90AE5C307207}.Release|Any CPU.ActiveCfg = Release|Any CPU
		{6C149C9A-EF13-446A-96FB-90AE5C307207}.Release|Any CPU.Build.0 = Release|Any CPU
		{D5C69CEE-A55A-43DD-8F2E-6B38599EE03D}.Debug|Any CPU.ActiveCfg = Debug|Any CPU
		{D5C69CEE-A55A-43DD-8F2E-6B38599EE03D}.Debug|Any CPU.Build.0 = Debug|Any CPU
		{D5C69CEE-A55A-43DD-8F2E-6B38599EE03D}.Release|Any CPU.ActiveCfg = Release|Any CPU
		{D5C69CEE-A55A-43DD-8F2E-6B38599EE03D}.Release|Any CPU.Build.0 = Release|Any CPU
		{D175579B-C5D8-44E1-A527-E4B8E59732CD}.Debug|Any CPU.ActiveCfg = Debug|Any CPU
		{D175579B-C5D8-44E1-A527-E4B8E59732CD}.Debug|Any CPU.Build.0 = Debug|Any CPU
		{D175579B-C5D8-44E1-A527-E4B8E59732CD}.Release|Any CPU.ActiveCfg = Release|Any CPU
		{D175579B-C5D8-44E1-A527-E4B8E59732CD}.Release|Any CPU.Build.0 = Release|Any CPU
		{9C50EC56-7744-4E90-8F2F-016E8FE8A8FA}.Debug|Any CPU.ActiveCfg = Debug|Any CPU
		{9C50EC56-7744-4E90-8F2F-016E8FE8A8FA}.Debug|Any CPU.Build.0 = Debug|Any CPU
		{9C50EC56-7744-4E90-8F2F-016E8FE8A8FA}.Release|Any CPU.ActiveCfg = Release|Any CPU
		{9C50EC56-7744-4E90-8F2F-016E8FE8A8FA}.Release|Any CPU.Build.0 = Release|Any CPU
		{6C03AE3F-5E82-4CDC-9166-06B90C2A401E}.Debug|Any CPU.ActiveCfg = Debug|Any CPU
		{6C03AE3F-5E82-4CDC-9166-06B90C2A401E}.Debug|Any CPU.Build.0 = Debug|Any CPU
		{6C03AE3F-5E82-4CDC-9166-06B90C2A401E}.Release|Any CPU.ActiveCfg = Release|Any CPU
		{6C03AE3F-5E82-4CDC-9166-06B90C2A401E}.Release|Any CPU.Build.0 = Release|Any CPU
		{1C68A1E2-3EDE-412D-A1FD-437EBB40FFA6}.Debug|Any CPU.ActiveCfg = Debug|Any CPU
		{1C68A1E2-3EDE-412D-A1FD-437EBB40FFA6}.Debug|Any CPU.Build.0 = Debug|Any CPU
		{1C68A1E2-3EDE-412D-A1FD-437EBB40FFA6}.Release|Any CPU.ActiveCfg = Release|Any CPU
		{1C68A1E2-3EDE-412D-A1FD-437EBB40FFA6}.Release|Any CPU.Build.0 = Release|Any CPU
		{63B3A24B-CA93-453F-89F9-D33B39B53475}.Debug|Any CPU.ActiveCfg = Debug|Any CPU
		{63B3A24B-CA93-453F-89F9-D33B39B53475}.Debug|Any CPU.Build.0 = Debug|Any CPU
		{63B3A24B-CA93-453F-89F9-D33B39B53475}.Release|Any CPU.ActiveCfg = Release|Any CPU
		{63B3A24B-CA93-453F-89F9-D33B39B53475}.Release|Any CPU.Build.0 = Release|Any CPU
	EndGlobalSection
	GlobalSection(SolutionProperties) = preSolution
		HideSolutionNode = FALSE
	EndGlobalSection
	GlobalSection(ExtensibilityGlobals) = postSolution
		SolutionGuid = {3C5F445A-6067-4822-8BE5-8FB713D510CC}
	EndGlobalSection
EndGlobal
